<?xml version="1.0" encoding="utf-8"?>
<Project ToolsVersion="4.0" xmlns="http://schemas.microsoft.com/developer/msbuild/2003">
  <ItemGroup>
    <Filter Include="Source Files">
      <UniqueIdentifier>{4FC737F1-C7A5-4376-A066-2A32D752A2FF}</UniqueIdentifier>
      <Extensions>cpp;c;cc;cxx;c++;cppm;ixx;def;odl;idl;hpj;bat;asm;asmx</Extensions>
    </Filter>
    <Filter Include="Header Files">
      <UniqueIdentifier>{93995380-89BD-4b04-88EB-625FBE52EBFB}</UniqueIdentifier>
      <Extensions>h;hh;hpp;hxx;h++;hm;inl;inc;ipp;xsd</Extensions>
    </Filter>
    <Filter Include="Resource Files">
      <UniqueIdentifier>{67DA6AB6-F800-4c08-8B7A-83BB121AAD01}</UniqueIdentifier>
      <Extensions>rc;ico;cur;bmp;dlg;rc2;rct;bin;rgs;gif;jpg;jpeg;jpe;resx;tiff;tif;png;wav;mfcribbon-ms</Extensions>
    </Filter>
  </ItemGroup>
  <ItemGroup>
    <ClInclude Include="Dependencies\STB_IMAGE\stb_image\stb_image.h">
      <Filter>Header Files</Filter>
    </ClInclude>
    <ClInclude Include="src\include\Qubit.h">
      <Filter>Header Files</Filter>
    </ClInclude>
    <ClInclude Include="src\Qubit\Events\MouseEvent.h">
      <Filter>Header Files</Filter>
    </ClInclude>
    <ClInclude Include="src\Qubit\Events\KeyboardEvent.h">
      <Filter>Header Files</Filter>
    </ClInclude>
    <ClInclude Include="src\Qubit\Events\Event.h">
      <Filter>Header Files</Filter>
    </ClInclude>
    <ClInclude Include="src\Qubit\PCH\QubitPCH.h">
      <Filter>Header Files</Filter>
    </ClInclude>
    <ClInclude Include="src\Qubit\Core\PlatformDetection.h">
      <Filter>Header Files</Filter>
    </ClInclude>
    <ClInclude Include="src\Qubit\Core\Log.h">
      <Filter>Header Files</Filter>
    </ClInclude>
    <ClInclude Include="src\Qubit\Core\Core.h">
      <Filter>Header Files</Filter>
    </ClInclude>
    <ClInclude Include="src\Qubit\Core\EntryPoint.h">
      <Filter>Header Files</Filter>
    </ClInclude>
    <ClInclude Include="src\Qubit\Application\Application.h">
      <Filter>Header Files</Filter>
    </ClInclude>
    <ClInclude Include="src\Qubit\Events\Base\MouseCodes.h">
      <Filter>Header Files</Filter>
    </ClInclude>
    <ClInclude Include="src\Qubit\Events\Base\KeyCodes.h">
      <Filter>Header Files</Filter>
    </ClInclude>
    <ClInclude Include="src\Qubit\OtherUtility\pair.h">
      <Filter>Header Files</Filter>
    </ClInclude>
    <ClInclude Include="src\Qubit\Events\ApplicationEvent.h">
      <Filter>Header Files</Filter>
    </ClInclude>
    <ClInclude Include="src\Qubit\Window\OpenGL\Base\Shader.h">
      <Filter>Header Files</Filter>
    </ClInclude>
    <ClInclude Include="src\Qubit\Window\OpenGL\Implementation.h">
      <Filter>Header Files</Filter>
    </ClInclude>
    <ClInclude Include="src\Qubit\Window\windowAbstraction.h">
      <Filter>Header Files</Filter>
    </ClInclude>
    <ClInclude Include="src\Qubit\Layer\LayerStack.h">
      <Filter>Header Files</Filter>
    </ClInclude>
    <ClInclude Include="src\Qubit\Layer\Layer\Layer.h">
      <Filter>Header Files</Filter>
    </ClInclude>
    <ClInclude Include="src\Qubit\Window\windowInput.h">
      <Filter>Header Files</Filter>
    </ClInclude>
    <ClInclude Include="src\Qubit\Application\Base\ApplicationWindow.h">
      <Filter>Header Files</Filter>
    </ClInclude>
    <ClInclude Include="src\Qubit\Platform\GUI\ApplicationGUI.h">
      <Filter>Header Files</Filter>
    </ClInclude>
    <ClInclude Include="src\Qubit\Platform\GUI\UI\SceneViewGUI.h">
      <Filter>Header Files</Filter>
    </ClInclude>
    <ClInclude Include="src\Qubit\Platform\Renderer\Utility\Camera.h">
      <Filter>Header Files</Filter>
    </ClInclude>
    <ClInclude Include="src\Qubit\Platform\Renderer\Utility\Framebuffer.h">
      <Filter>Header Files</Filter>
    </ClInclude>
    <ClInclude Include="src\Qubit\Platform\Renderer\Utility\Shader.h">
      <Filter>Header Files</Filter>
    </ClInclude>
    <ClInclude Include="src\Qubit\Platform\Renderer\Utility\Texture.h">
      <Filter>Header Files</Filter>
    </ClInclude>
    <ClInclude Include="src\Qubit\Platform\Renderer\Renderer.h">
      <Filter>Header Files</Filter>
    </ClInclude>
    <ClInclude Include="src\Qubit\ECS\Entity.h">
      <Filter>Header Files</Filter>
    </ClInclude>
    <ClInclude Include="src\Qubit\ECS\Component.h">
      <Filter>Header Files</Filter>
    </ClInclude>
    <ClInclude Include="src\Qubit\ECS\System.h">
      <Filter>Header Files</Filter>
    </ClInclude>
  </ItemGroup>
  <ItemGroup>
    <ClCompile Include="src\Qubit\PCH\QubitPCH.cpp">
      <Filter>Source Files</Filter>
    </ClCompile>
    <ClCompile Include="src\Qubit\Core\Log.cpp">
      <Filter>Source Files</Filter>
    </ClCompile>
    <ClCompile Include="src\Qubit\Application\Application.cpp">
      <Filter>Source Files</Filter>
    </ClCompile>
    <ClCompile Include="src\Qubit\Window\OpenGL\Implementation.cpp">
      <Filter>Source Files</Filter>
    </ClCompile>
    <ClCompile Include="src\Qubit\Layer\LayerStack.cpp">
      <Filter>Source Files</Filter>
    </ClCompile>
    <ClCompile Include="src\Qubit\Layer\Layer\Layer.cpp">
      <Filter>Source Files</Filter>
    </ClCompile>
    <ClCompile Include="src\Qubit\Window\OpenGL\windowInput.cpp">
      <Filter>Source Files</Filter>
    </ClCompile>
    <ClCompile Include="src\Qubit\Application\Base\ApplicationWindow.cpp">
      <Filter>Source Files</Filter>
    </ClCompile>
    <ClCompile Include="src\Qubit\Platform\GUI\ApplicationGUI.cpp">
      <Filter>Source Files</Filter>
    </ClCompile>
    <ClCompile Include="Dependencies\STB_IMAGE\stb_image\stb_image.cpp">
      <Filter>Source Files</Filter>
    </ClCompile>
    <ClCompile Include="src\Qubit\Platform\GUI\UI\SceneViewGUI.cpp">
      <Filter>Source Files</Filter>
    </ClCompile>
    <ClCompile Include="src\Qubit\Platform\Renderer\Utility\Camera.cpp">
      <Filter>Source Files</Filter>
    </ClCompile>
    <ClCompile Include="src\Qubit\Platform\Renderer\Utility\Framebuffer.cpp">
      <Filter>Source Files</Filter>
    </ClCompile>
    <ClCompile Include="src\Qubit\Platform\Renderer\Utility\Shader.cpp">
      <Filter>Source Files</Filter>
    </ClCompile>
    <ClCompile Include="src\Qubit\Platform\Renderer\Utility\Texture.cpp">
      <Filter>Source Files</Filter>
    </ClCompile>
    <ClCompile Include="src\Qubit\Platform\Renderer\Renderer.cpp">
      <Filter>Source Files</Filter>
    </ClCompile>
    <ClCompile Include="src\Qubit\ECS\System.cpp">
      <Filter>Source Files</Filter>
    </ClCompile>
  </ItemGroup>
  <ItemGroup>
    <None Include="src\Qubit\Platform\Renderer\Shaders\VertexLighting.glsl" />
    <None Include="src\Qubit\Platform\Renderer\Shaders\VertexNormal.glsl" />
    <None Include="src\Qubit\Platform\Renderer\Shaders\FragmentLighting.glsl" />
    <None Include="src\Qubit\Platform\Renderer\Shaders\FragmentNormal.glsl" />
    <None Include="src\Qubit\Platform\Renderer\Utility\OpenGLContext.h" />
    <None Include="src\Qubit\Platform\Renderer\Shaders\VertexLightSource.glsl" />
    <None Include="src\Qubit\Platform\Renderer\Shaders\FragmentLightSource.glsl" />
  </ItemGroup>
</Project>