
Microsoft Visual Studio Solution File, Format Version 12.00
# Visual Studio Version 16
VisualStudioVersion = 16.0.31205.134
MinimumVisualStudioVersion = 10.0.40219.1
Project("{8BC9CEB8-8B4A-11D0-8D11-00A0C91BC942}") = "Qubit", "Qubit\Qubit.vcxproj", "{C7B7D279-6089-4168-BCAB-47523C519915}"
EndProject
Global
	GlobalSection(SolutionConfigurationPlatforms) = preSolution
		Debug|x64 = Debug|x64
		Release|x64 = Release|x64
	EndGlobalSection
	GlobalSection(ProjectConfigurationPlatforms) = postSolution
		{C7B7D279-6089-4168-BCAB-47523C519915}.Debug|x64.ActiveCfg = Debug|x64
		{C7B7D279-6089-4168-BCAB-47523C519915}.Debug|x64.Build.0 = Debug|x64
		{C7B7D279-6089-4168-BCAB-47523C519915}.Release|x64.ActiveCfg = Debug|x64
		{C7B7D279-6089-4168-BCAB-47523C519915}.Release|x64.Build.0 = Debug|x64
	EndGlobalSection
	GlobalSection(SolutionProperties) = preSolution
		HideSolutionNode = FALSE
	EndGlobalSection
	GlobalSection(ExtensibilityGlobals) = postSolution
		SolutionGuid = {C7562977-73D2-4480-B541-455F026B995A}
	EndGlobalSection
EndGlobal
